
Microsoft Visual Studio Solution File, Format Version 12.00
# Visual Studio 15
VisualStudioVersion = 15.0.27428.2005
MinimumVisualStudioVersion = 10.0.40219.1
Project("{FAE04EC0-301F-11D3-BF4B-00C04F79EFBC}") = "ConsoleVsts", "ConsoleVsts\ConsoleVsts.csproj", "{359C412C-7340-4A78-8948-7D3D639963ED}"
EndProject
Global
	GlobalSection(SolutionConfigurationPlatforms) = preSolution
		Debug|Any CPU = Debug|Any CPU
		Release|Any CPU = Release|Any CPU
	EndGlobalSection
	GlobalSection(ProjectConfigurationPlatforms) = postSolution
		{359C412C-7340-4A78-8948-7D3D639963ED}.Debug|Any CPU.ActiveCfg = Debug|Any CPU
		{359C412C-7340-4A78-8948-7D3D639963ED}.Debug|Any CPU.Build.0 = Debug|Any CPU
		{359C412C-7340-4A78-8948-7D3D639963ED}.Release|Any CPU.ActiveCfg = Release|Any CPU
		{359C412C-7340-4A78-8948-7D3D639963ED}.Release|Any CPU.Build.0 = Release|Any CPU
	EndGlobalSection
	GlobalSection(SolutionProperties) = preSolution
		HideSolutionNode = FALSE
	EndGlobalSection
	GlobalSection(ExtensibilityGlobals) = postSolution
		SolutionGuid = {0DDF4EC1-9304-40D6-AD3A-0EE81C896880}
	EndGlobalSection
EndGlobal
